
Microsoft Visual Studio Solution File, Format Version 12.00
# Visual Studio Version 17
VisualStudioVersion = 17.1.32414.318
MinimumVisualStudioVersion = 10.0.40219.1
Project("{8BC9CEB8-8B4A-11D0-8D11-00A0C91BC942}") = "MOlab1", "MOlab1\MOlab1.vcxproj", "{81464914-0C74-412E-89AC-3B65EA9BE3AA}"
EndProject
Global
	GlobalSection(SolutionConfigurationPlatforms) = preSolution
		Debug|x64 = Debug|x64
		Debug|x86 = Debug|x86
		Release|x64 = Release|x64
		Release|x86 = Release|x86
	EndGlobalSection
	GlobalSection(ProjectConfigurationPlatforms) = postSolution
		{81464914-0C74-412E-89AC-3B65EA9BE3AA}.Debug|x64.ActiveCfg = Debug|x64
		{81464914-0C74-412E-89AC-3B65EA9BE3AA}.Debug|x64.Build.0 = Debug|x64
		{81464914-0C74-412E-89AC-3B65EA9BE3AA}.Debug|x86.ActiveCfg = Debug|Win32
		{81464914-0C74-412E-89AC-3B65EA9BE3AA}.Debug|x86.Build.0 = Debug|Win32
		{81464914-0C74-412E-89AC-3B65EA9BE3AA}.Release|x64.ActiveCfg = Release|x64
		{81464914-0C74-412E-89AC-3B65EA9BE3AA}.Release|x64.Build.0 = Release|x64
		{81464914-0C74-412E-89AC-3B65EA9BE3AA}.Release|x86.ActiveCfg = Release|Win32
		{81464914-0C74-412E-89AC-3B65EA9BE3AA}.Release|x86.Build.0 = Release|Win32
	EndGlobalSection
	GlobalSection(SolutionProperties) = preSolution
		HideSolutionNode = FALSE
	EndGlobalSection
	GlobalSection(ExtensibilityGlobals) = postSolution
		SolutionGuid = {DD0D22B5-F14C-491A-B1FE-5F479E28A4BD}
	EndGlobalSection
EndGlobal
